
Microsoft Visual Studio Solution File, Format Version 12.00
# Visual Studio Version 16
VisualStudioVersion = 16.0.31112.23
MinimumVisualStudioVersion = 10.0.40219.1
Project("{FAE04EC0-301F-11D3-BF4B-00C04F79EFBC}") = "Messenger", "Messenger\Messenger.csproj", "{3580AAC1-6736-46B6-9A5F-C5C696C2E235}"
EndProject
Global
	GlobalSection(SolutionConfigurationPlatforms) = preSolution
		Debug|Any CPU = Debug|Any CPU
		Release|Any CPU = Release|Any CPU
	EndGlobalSection
	GlobalSection(ProjectConfigurationPlatforms) = postSolution
		{3580AAC1-6736-46B6-9A5F-C5C696C2E235}.Debug|Any CPU.ActiveCfg = Debug|Any CPU
		{3580AAC1-6736-46B6-9A5F-C5C696C2E235}.Debug|Any CPU.Build.0 = Debug|Any CPU
		{3580AAC1-6736-46B6-9A5F-C5C696C2E235}.Release|Any CPU.ActiveCfg = Release|Any CPU
		{3580AAC1-6736-46B6-9A5F-C5C696C2E235}.Release|Any CPU.Build.0 = Release|Any CPU
	EndGlobalSection
	GlobalSection(SolutionProperties) = preSolution
		HideSolutionNode = FALSE
	EndGlobalSection
	GlobalSection(ExtensibilityGlobals) = postSolution
		SolutionGuid = {ADA66F7C-A321-448C-AC26-286B417BBCD5}
	EndGlobalSection
EndGlobal
